
Microsoft Visual Studio Solution File, Format Version 12.00
# Visual Studio Version 17
VisualStudioVersion = 17.11.35312.102
MinimumVisualStudioVersion = 10.0.40219.1
Project("{9A19103F-16F7-4668-BE54-9A1E7A4F7556}") = "BuySmart", "BuySmart\BuySmart.csproj", "{25B645A5-58B8-4C20-AAB2-216ED2DD9260}"
EndProject
Project("{2150E333-8FDC-42A3-9474-1A3956D46DE8}") = "WebAPI", "WebAPI", "{3AE7A854-EC67-4CDA-BAF5-4AEEBF3A3D10}"
EndProject
Project("{2150E333-8FDC-42A3-9474-1A3956D46DE8}") = "src", "src", "{A9E1C9D0-6985-4847-B57C-C4CAEC0D70A6}"
EndProject
Project("{2150E333-8FDC-42A3-9474-1A3956D46DE8}") = "tests", "tests", "{7E2A2853-A438-47C8-A08B-898D6B9FC8ED}"
EndProject
Project("{2150E333-8FDC-42A3-9474-1A3956D46DE8}") = "Application", "Application", "{8AB644D6-3331-4240-94B7-78E0A1C085A8}"
EndProject
Project("{2150E333-8FDC-42A3-9474-1A3956D46DE8}") = "Domain", "Domain", "{E4016CE0-C5C9-4655-BEB8-2B58029CE618}"
	ProjectSection(SolutionItems) = preProject
		Application\DependecyInjection.cs = Application\DependecyInjection.cs
	EndProjectSection
EndProject
Project("{2150E333-8FDC-42A3-9474-1A3956D46DE8}") = "Infrastructure", "Infrastructure", "{4D188436-F8BE-4D43-A2F3-EE45E3756466}"
EndProject
Project("{9A19103F-16F7-4668-BE54-9A1E7A4F7556}") = "Application", "Application\Application.csproj", "{6A78B39A-02DE-471B-A613-556F559A4C08}"
EndProject
Project("{9A19103F-16F7-4668-BE54-9A1E7A4F7556}") = "Domain", "Domain\Domain.csproj", "{C6B94C16-5500-45E7-A7E4-C57AC35F6850}"
EndProject
Project("{9A19103F-16F7-4668-BE54-9A1E7A4F7556}") = "Infrastructure", "Infrastructure\Infrastructure.csproj", "{F26E8ED5-925C-47CA-A6BA-60A6DD54DDC9}"
EndProject
Project("{2150E333-8FDC-42A3-9474-1A3956D46DE8}") = "UnitTests", "UnitTests", "{449B3114-E0FF-4ECB-9B1A-A057E962FE2D}"
EndProject
Project("{2150E333-8FDC-42A3-9474-1A3956D46DE8}") = "IntegrationTests", "IntegrationTests", "{E103FA3D-AA69-4CE9-BDA0-3A1566AE19EF}"
EndProject
Project("{9A19103F-16F7-4668-BE54-9A1E7A4F7556}") = "BuySmart.Application.UnitTests", "BuySmart.Application.UnitTests\BuySmart.Application.UnitTests.csproj", "{9B32D70C-3E3B-4FC3-ADAA-F4183B757CF4}"
EndProject
Project("{9A19103F-16F7-4668-BE54-9A1E7A4F7556}") = "BuySmart.IntegrationTests", "BuySmart.IntegrationTests\BuySmart.IntegrationTests.csproj", "{1F3517F6-C01D-469E-AA74-15E770FD76D2}"
EndProject
Global
	GlobalSection(SolutionConfigurationPlatforms) = preSolution
		Debug|Any CPU = Debug|Any CPU
		Release|Any CPU = Release|Any CPU
	EndGlobalSection
	GlobalSection(ProjectConfigurationPlatforms) = postSolution
		{25B645A5-58B8-4C20-AAB2-216ED2DD9260}.Debug|Any CPU.ActiveCfg = Debug|Any CPU
		{25B645A5-58B8-4C20-AAB2-216ED2DD9260}.Debug|Any CPU.Build.0 = Debug|Any CPU
		{25B645A5-58B8-4C20-AAB2-216ED2DD9260}.Release|Any CPU.ActiveCfg = Release|Any CPU
		{25B645A5-58B8-4C20-AAB2-216ED2DD9260}.Release|Any CPU.Build.0 = Release|Any CPU
		{6A78B39A-02DE-471B-A613-556F559A4C08}.Debug|Any CPU.ActiveCfg = Debug|Any CPU
		{6A78B39A-02DE-471B-A613-556F559A4C08}.Debug|Any CPU.Build.0 = Debug|Any CPU
		{6A78B39A-02DE-471B-A613-556F559A4C08}.Release|Any CPU.ActiveCfg = Release|Any CPU
		{6A78B39A-02DE-471B-A613-556F559A4C08}.Release|Any CPU.Build.0 = Release|Any CPU
		{C6B94C16-5500-45E7-A7E4-C57AC35F6850}.Debug|Any CPU.ActiveCfg = Debug|Any CPU
		{C6B94C16-5500-45E7-A7E4-C57AC35F6850}.Debug|Any CPU.Build.0 = Debug|Any CPU
		{C6B94C16-5500-45E7-A7E4-C57AC35F6850}.Release|Any CPU.ActiveCfg = Release|Any CPU
		{C6B94C16-5500-45E7-A7E4-C57AC35F6850}.Release|Any CPU.Build.0 = Release|Any CPU
		{F26E8ED5-925C-47CA-A6BA-60A6DD54DDC9}.Debug|Any CPU.ActiveCfg = Debug|Any CPU
		{F26E8ED5-925C-47CA-A6BA-60A6DD54DDC9}.Debug|Any CPU.Build.0 = Debug|Any CPU
		{F26E8ED5-925C-47CA-A6BA-60A6DD54DDC9}.Release|Any CPU.ActiveCfg = Release|Any CPU
		{F26E8ED5-925C-47CA-A6BA-60A6DD54DDC9}.Release|Any CPU.Build.0 = Release|Any CPU
		{9B32D70C-3E3B-4FC3-ADAA-F4183B757CF4}.Debug|Any CPU.ActiveCfg = Debug|Any CPU
		{9B32D70C-3E3B-4FC3-ADAA-F4183B757CF4}.Debug|Any CPU.Build.0 = Debug|Any CPU
		{9B32D70C-3E3B-4FC3-ADAA-F4183B757CF4}.Release|Any CPU.ActiveCfg = Release|Any CPU
		{9B32D70C-3E3B-4FC3-ADAA-F4183B757CF4}.Release|Any CPU.Build.0 = Release|Any CPU
		{1F3517F6-C01D-469E-AA74-15E770FD76D2}.Debug|Any CPU.ActiveCfg = Debug|Any CPU
		{1F3517F6-C01D-469E-AA74-15E770FD76D2}.Debug|Any CPU.Build.0 = Debug|Any CPU
		{1F3517F6-C01D-469E-AA74-15E770FD76D2}.Release|Any CPU.ActiveCfg = Release|Any CPU
		{1F3517F6-C01D-469E-AA74-15E770FD76D2}.Release|Any CPU.Build.0 = Release|Any CPU
	EndGlobalSection
	GlobalSection(SolutionProperties) = preSolution
		HideSolutionNode = FALSE
	EndGlobalSection
	GlobalSection(NestedProjects) = preSolution
		{25B645A5-58B8-4C20-AAB2-216ED2DD9260} = {3AE7A854-EC67-4CDA-BAF5-4AEEBF3A3D10}
		{3AE7A854-EC67-4CDA-BAF5-4AEEBF3A3D10} = {A9E1C9D0-6985-4847-B57C-C4CAEC0D70A6}
		{8AB644D6-3331-4240-94B7-78E0A1C085A8} = {A9E1C9D0-6985-4847-B57C-C4CAEC0D70A6}
		{E4016CE0-C5C9-4655-BEB8-2B58029CE618} = {A9E1C9D0-6985-4847-B57C-C4CAEC0D70A6}
		{4D188436-F8BE-4D43-A2F3-EE45E3756466} = {A9E1C9D0-6985-4847-B57C-C4CAEC0D70A6}
		{6A78B39A-02DE-471B-A613-556F559A4C08} = {8AB644D6-3331-4240-94B7-78E0A1C085A8}
		{C6B94C16-5500-45E7-A7E4-C57AC35F6850} = {E4016CE0-C5C9-4655-BEB8-2B58029CE618}
		{F26E8ED5-925C-47CA-A6BA-60A6DD54DDC9} = {4D188436-F8BE-4D43-A2F3-EE45E3756466}
		{449B3114-E0FF-4ECB-9B1A-A057E962FE2D} = {7E2A2853-A438-47C8-A08B-898D6B9FC8ED}
		{E103FA3D-AA69-4CE9-BDA0-3A1566AE19EF} = {7E2A2853-A438-47C8-A08B-898D6B9FC8ED}
		{9B32D70C-3E3B-4FC3-ADAA-F4183B757CF4} = {449B3114-E0FF-4ECB-9B1A-A057E962FE2D}
		{1F3517F6-C01D-469E-AA74-15E770FD76D2} = {E103FA3D-AA69-4CE9-BDA0-3A1566AE19EF}
	EndGlobalSection
	GlobalSection(ExtensibilityGlobals) = postSolution
		SolutionGuid = {F6146A61-A3F2-414D-882E-4DD82616B3E4}
	EndGlobalSection
EndGlobal
